
Microsoft Visual Studio Solution File, Format Version 12.00
# Visual Studio Version 17
VisualStudioVersion = 17.8.34525.116
MinimumVisualStudioVersion = 10.0.40219.1
Project("{8BC9CEB8-8B4A-11D0-8D11-00A0C91BC942}") = "Simul", "Simul\Simul.vcxproj", "{9F08AB4C-519F-4210-821C-2F787FB756CA}"
EndProject
Project("{8BC9CEB8-8B4A-11D0-8D11-00A0C91BC942}") = "Nyxy", "Nyxy\Nyxy.vcxproj", "{A019191C-19EE-4390-938B-D22DED2164DD}"
EndProject
Global
	GlobalSection(SolutionConfigurationPlatforms) = preSolution
		Debug|x64 = Debug|x64
		Release|x64 = Release|x64
	EndGlobalSection
	GlobalSection(ProjectConfigurationPlatforms) = postSolution
		{A019191C-19EE-4390-938B-D22DED2164DD}.Debug|x64.ActiveCfg = Debug|x64
		{A019191C-19EE-4390-938B-D22DED2164DD}.Debug|x64.Build.0 = Debug|x64
		{A019191C-19EE-4390-938B-D22DED2164DD}.Release|x64.ActiveCfg = Release|x64
		{A019191C-19EE-4390-938B-D22DED2164DD}.Release|x64.Build.0 = Release|x64
		{9F08AB4C-519F-4210-821C-2F787FB756CA}.Debug|x64.ActiveCfg = Debug|x64
		{9F08AB4C-519F-4210-821C-2F787FB756CA}.Debug|x64.Build.0 = Debug|x64
		{9F08AB4C-519F-4210-821C-2F787FB756CA}.Release|x64.ActiveCfg = Release|x64
		{9F08AB4C-519F-4210-821C-2F787FB756CA}.Release|x64.Build.0 = Release|x64
	EndGlobalSection
	GlobalSection(SolutionProperties) = preSolution
		HideSolutionNode = FALSE
	EndGlobalSection
	GlobalSection(ExtensibilityGlobals) = postSolution
		SolutionGuid = {972860C5-91A7-4862-A09A-AD4AE65F3461}
	EndGlobalSection
EndGlobal
